
Microsoft Visual Studio Solution File, Format Version 12.00
# Visual Studio Version 16
VisualStudioVersion = 16.0.30621.155
MinimumVisualStudioVersion = 10.0.40219.1
Project("{8BC9CEB8-8B4A-11D0-8D11-00A0C91BC942}") = "KonkurensTCPSzerver", "KonkurensTCPSzerver\KonkurensTCPSzerver.vcxproj", "{C7D676DB-19A4-46A1-9627-07BF9CD5741D}"
EndProject
Global
	GlobalSection(SolutionConfigurationPlatforms) = preSolution
		Debug|x64 = Debug|x64
		Debug|x86 = Debug|x86
		Release|x64 = Release|x64
		Release|x86 = Release|x86
	EndGlobalSection
	GlobalSection(ProjectConfigurationPlatforms) = postSolution
		{C7D676DB-19A4-46A1-9627-07BF9CD5741D}.Debug|x64.ActiveCfg = Debug|x64
		{C7D676DB-19A4-46A1-9627-07BF9CD5741D}.Debug|x64.Build.0 = Debug|x64
		{C7D676DB-19A4-46A1-9627-07BF9CD5741D}.Debug|x86.ActiveCfg = Debug|Win32
		{C7D676DB-19A4-46A1-9627-07BF9CD5741D}.Debug|x86.Build.0 = Debug|Win32
		{C7D676DB-19A4-46A1-9627-07BF9CD5741D}.Release|x64.ActiveCfg = Release|x64
		{C7D676DB-19A4-46A1-9627-07BF9CD5741D}.Release|x64.Build.0 = Release|x64
		{C7D676DB-19A4-46A1-9627-07BF9CD5741D}.Release|x86.ActiveCfg = Release|Win32
		{C7D676DB-19A4-46A1-9627-07BF9CD5741D}.Release|x86.Build.0 = Release|Win32
	EndGlobalSection
	GlobalSection(SolutionProperties) = preSolution
		HideSolutionNode = FALSE
	EndGlobalSection
	GlobalSection(ExtensibilityGlobals) = postSolution
		SolutionGuid = {0905E44F-2B29-4160-A49E-078F3E903C99}
	EndGlobalSection
EndGlobal
